// !$*UTF8*$!
{
	archiveVersion = 1;
	classes = {
	};
	objectVersion = 50;
	objects = {

/* Begin PBXBuildFile section */
		4B07B8D061C42B177AA55F4F /* Pods_RecycleAI_2_0Tests.framework in Frameworks */ = {isa = PBXBuildFile; fileRef = AAD765BFDD52D9AD7253679F /* Pods_RecycleAI_2_0Tests.framework */; };
		6E0C664026392076000A3F98 /* cnnHelper.swift in Sources */ = {isa = PBXBuildFile; fileRef = 6E0C663F26392076000A3F98 /* cnnHelper.swift */; };
		6E4808E426368EDA007795E7 /* parseCSV.swift in Sources */ = {isa = PBXBuildFile; fileRef = 6E4808E326368EDA007795E7 /* parseCSV.swift */; };
		6E4808EE2637EC83007795E7 /* ImageProcesser.swift in Sources */ = {isa = PBXBuildFile; fileRef = 6E4808ED2637EC83007795E7 /* ImageProcesser.swift */; };
		6E4808F32637F706007795E7 /* ImageProcessor2.swift in Sources */ = {isa = PBXBuildFile; fileRef = 6E4808F22637F706007795E7 /* ImageProcessor2.swift */; };
		6E8B310D263B462E00178CCE /* cnn2.mlmodel in Sources */ = {isa = PBXBuildFile; fileRef = 6E8B310C263B462E00178CCE /* cnn2.mlmodel */; };
		6E8B310F263B464100178CCE /* Recycle AI Recycling Codes - Sheet1.tsv in Resources */ = {isa = PBXBuildFile; fileRef = 6E8B310E263B464100178CCE /* Recycle AI Recycling Codes - Sheet1.tsv */; };
		6E8B3111263B466200178CCE /* Tips.tsv in Resources */ = {isa = PBXBuildFile; fileRef = 6E8B3110263B466200178CCE /* Tips.tsv */; };
		6E916A3E2638FD0900F7DCAC /* MyObjectDetector3 1.mlmodel in Sources */ = {isa = PBXBuildFile; fileRef = 6E916A3D2638FD0900F7DCAC /* MyObjectDetector3 1.mlmodel */; };
		6E916A552639004100F7DCAC /* CSV.swift in Sources */ = {isa = PBXBuildFile; fileRef = 6E916A542639004100F7DCAC /* CSV.swift */; };
		6ED55C1F26327170007644E9 /* RecycleAI_2_0App.swift in Sources */ = {isa = PBXBuildFile; fileRef = 6ED55C1E26327170007644E9 /* RecycleAI_2_0App.swift */; };
		6ED55C2126327170007644E9 /* ContentView.swift in Sources */ = {isa = PBXBuildFile; fileRef = 6ED55C2026327170007644E9 /* ContentView.swift */; };
		6ED55C2326327172007644E9 /* Assets.xcassets in Resources */ = {isa = PBXBuildFile; fileRef = 6ED55C2226327172007644E9 /* Assets.xcassets */; };
		6ED55C2626327172007644E9 /* Preview Assets.xcassets in Resources */ = {isa = PBXBuildFile; fileRef = 6ED55C2526327172007644E9 /* Preview Assets.xcassets */; };
		6ED55C3126327172007644E9 /* RecycleAI_2_0Tests.swift in Sources */ = {isa = PBXBuildFile; fileRef = 6ED55C3026327172007644E9 /* RecycleAI_2_0Tests.swift */; };
		6ED55C3C26327172007644E9 /* RecycleAI_2_0UITests.swift in Sources */ = {isa = PBXBuildFile; fileRef = 6ED55C3B26327172007644E9 /* RecycleAI_2_0UITests.swift */; };
		6ED55C4D26327210007644E9 /* ImagePicker.swift in Sources */ = {isa = PBXBuildFile; fileRef = 6ED55C4C26327210007644E9 /* ImagePicker.swift */; };
		6F4B14ED214BC466E1AE5048 /* Pods_RecycleAI_2_0.framework in Frameworks */ = {isa = PBXBuildFile; fileRef = EE8CB3497AF8E2A4C375CBF1 /* Pods_RecycleAI_2_0.framework */; };
		D95A839B6F9B21B1253717A7 /* Pods_RecycleAI_2_0_RecycleAI_2_0UITests.framework in Frameworks */ = {isa = PBXBuildFile; fileRef = D57740C3D7A19820E2329F7E /* Pods_RecycleAI_2_0_RecycleAI_2_0UITests.framework */; };
/* End PBXBuildFile section */

/* Begin PBXContainerItemProxy section */
		6ED55C2D26327172007644E9 /* PBXContainerItemProxy */ = {
			isa = PBXContainerItemProxy;
			containerPortal = 6ED55C1326327170007644E9 /* Project object */;
			proxyType = 1;
			remoteGlobalIDString = 6ED55C1A26327170007644E9;
			remoteInfo = RecycleAI_2.0;
		};
		6ED55C3826327172007644E9 /* PBXContainerItemProxy */ = {
			isa = PBXContainerItemProxy;
			containerPortal = 6ED55C1326327170007644E9 /* Project object */;
			proxyType = 1;
			remoteGlobalIDString = 6ED55C1A26327170007644E9;
			remoteInfo = RecycleAI_2.0;
		};
/* End PBXContainerItemProxy section */

/* Begin PBXFileReference section */
		292AD16095206CCE49814789 /* Pods-RecycleAI_2.0Tests.debug.xcconfig */ = {isa = PBXFileReference; includeInIndex = 1; lastKnownFileType = text.xcconfig; name = "Pods-RecycleAI_2.0Tests.debug.xcconfig"; path = "Target Support Files/Pods-RecycleAI_2.0Tests/Pods-RecycleAI_2.0Tests.debug.xcconfig"; sourceTree = "<group>"; };
		6E0C663F26392076000A3F98 /* cnnHelper.swift */ = {isa = PBXFileReference; lastKnownFileType = sourcecode.swift; path = cnnHelper.swift; sourceTree = "<group>"; };
		6E4808E326368EDA007795E7 /* parseCSV.swift */ = {isa = PBXFileReference; lastKnownFileType = sourcecode.swift; path = parseCSV.swift; sourceTree = "<group>"; };
		6E4808ED2637EC83007795E7 /* ImageProcesser.swift */ = {isa = PBXFileReference; lastKnownFileType = sourcecode.swift; path = ImageProcesser.swift; sourceTree = "<group>"; };
		6E4808F22637F706007795E7 /* ImageProcessor2.swift */ = {isa = PBXFileReference; lastKnownFileType = sourcecode.swift; path = ImageProcessor2.swift; sourceTree = "<group>"; };
		6E8B310C263B462E00178CCE /* cnn2.mlmodel */ = {isa = PBXFileReference; lastKnownFileType = file.mlmodel; name = cnn2.mlmodel; path = ../../../recycleai/recycleai/cnn2.mlmodel; sourceTree = "<group>"; };
		6E8B310E263B464100178CCE /* Recycle AI Recycling Codes - Sheet1.tsv */ = {isa = PBXFileReference; fileEncoding = 4; lastKnownFileType = text; name = "Recycle AI Recycling Codes - Sheet1.tsv"; path = "../../../recycleai/recycleai/Recycle AI Recycling Codes - Sheet1.tsv"; sourceTree = "<group>"; };
		6E8B3110263B466200178CCE /* Tips.tsv */ = {isa = PBXFileReference; fileEncoding = 4; lastKnownFileType = text; name = Tips.tsv; path = ../../../Downloads/Tips.tsv; sourceTree = "<group>"; };
		6E916A3D2638FD0900F7DCAC /* MyObjectDetector3 1.mlmodel */ = {isa = PBXFileReference; lastKnownFileType = file.mlmodel; name = "MyObjectDetector3 1.mlmodel"; path = "../../../../../../var/folders/ts/_mrpmc557gnfcjw3sdpkw8m80000gn/T/MyObjectDetector3 1.mlmodel"; sourceTree = "<group>"; };
		6E916A542639004100F7DCAC /* CSV.swift */ = {isa = PBXFileReference; lastKnownFileType = sourcecode.swift; path = CSV.swift; sourceTree = "<group>"; };
		6ED55C1B26327170007644E9 /* RecycleAI_2.0.app */ = {isa = PBXFileReference; explicitFileType = wrapper.application; includeInIndex = 0; path = RecycleAI_2.0.app; sourceTree = BUILT_PRODUCTS_DIR; };
		6ED55C1E26327170007644E9 /* RecycleAI_2_0App.swift */ = {isa = PBXFileReference; lastKnownFileType = sourcecode.swift; path = RecycleAI_2_0App.swift; sourceTree = "<group>"; };
		6ED55C2026327170007644E9 /* ContentView.swift */ = {isa = PBXFileReference; lastKnownFileType = sourcecode.swift; path = ContentView.swift; sourceTree = "<group>"; };
		6ED55C2226327172007644E9 /* Assets.xcassets */ = {isa = PBXFileReference; lastKnownFileType = folder.assetcatalog; path = Assets.xcassets; sourceTree = "<group>"; };
		6ED55C2526327172007644E9 /* Preview Assets.xcassets */ = {isa = PBXFileReference; lastKnownFileType = folder.assetcatalog; path = "Preview Assets.xcassets"; sourceTree = "<group>"; };
		6ED55C2726327172007644E9 /* Info.plist */ = {isa = PBXFileReference; lastKnownFileType = text.plist.xml; path = Info.plist; sourceTree = "<group>"; };
		6ED55C2C26327172007644E9 /* RecycleAI_2.0Tests.xctest */ = {isa = PBXFileReference; explicitFileType = wrapper.cfbundle; includeInIndex = 0; path = RecycleAI_2.0Tests.xctest; sourceTree = BUILT_PRODUCTS_DIR; };
		6ED55C3026327172007644E9 /* RecycleAI_2_0Tests.swift */ = {isa = PBXFileReference; lastKnownFileType = sourcecode.swift; path = RecycleAI_2_0Tests.swift; sourceTree = "<group>"; };
		6ED55C3226327172007644E9 /* Info.plist */ = {isa = PBXFileReference; lastKnownFileType = text.plist.xml; path = Info.plist; sourceTree = "<group>"; };
		6ED55C3726327172007644E9 /* RecycleAI_2.0UITests.xctest */ = {isa = PBXFileReference; explicitFileType = wrapper.cfbundle; includeInIndex = 0; path = RecycleAI_2.0UITests.xctest; sourceTree = BUILT_PRODUCTS_DIR; };
		6ED55C3B26327172007644E9 /* RecycleAI_2_0UITests.swift */ = {isa = PBXFileReference; lastKnownFileType = sourcecode.swift; path = RecycleAI_2_0UITests.swift; sourceTree = "<group>"; };
		6ED55C3D26327172007644E9 /* Info.plist */ = {isa = PBXFileReference; lastKnownFileType = text.plist.xml; path = Info.plist; sourceTree = "<group>"; };
		6ED55C4C26327210007644E9 /* ImagePicker.swift */ = {isa = PBXFileReference; lastKnownFileType = sourcecode.swift; path = ImagePicker.swift; sourceTree = "<group>"; };
		7D35D2D70F50C1295BAC38BB /* Pods-RecycleAI_2.0-RecycleAI_2.0UITests.release.xcconfig */ = {isa = PBXFileReference; includeInIndex = 1; lastKnownFileType = text.xcconfig; name = "Pods-RecycleAI_2.0-RecycleAI_2.0UITests.release.xcconfig"; path = "Target Support Files/Pods-RecycleAI_2.0-RecycleAI_2.0UITests/Pods-RecycleAI_2.0-RecycleAI_2.0UITests.release.xcconfig"; sourceTree = "<group>"; };
		AAD765BFDD52D9AD7253679F /* Pods_RecycleAI_2_0Tests.framework */ = {isa = PBXFileReference; explicitFileType = wrapper.framework; includeInIndex = 0; path = Pods_RecycleAI_2_0Tests.framework; sourceTree = BUILT_PRODUCTS_DIR; };
		AF0B57C791833528F18C7545 /* Pods-RecycleAI_2.0Tests.release.xcconfig */ = {isa = PBXFileReference; includeInIndex = 1; lastKnownFileType = text.xcconfig; name = "Pods-RecycleAI_2.0Tests.release.xcconfig"; path = "Target Support Files/Pods-RecycleAI_2.0Tests/Pods-RecycleAI_2.0Tests.release.xcconfig"; sourceTree = "<group>"; };
		C5F4A60D33EF39B457B9E24E /* Pods-RecycleAI_2.0.release.xcconfig */ = {isa = PBXFileReference; includeInIndex = 1; lastKnownFileType = text.xcconfig; name = "Pods-RecycleAI_2.0.release.xcconfig"; path = "Target Support Files/Pods-RecycleAI_2.0/Pods-RecycleAI_2.0.release.xcconfig"; sourceTree = "<group>"; };
		D57740C3D7A19820E2329F7E /* Pods_RecycleAI_2_0_RecycleAI_2_0UITests.framework */ = {isa = PBXFileReference; explicitFileType = wrapper.framework; includeInIndex = 0; path = Pods_RecycleAI_2_0_RecycleAI_2_0UITests.framework; sourceTree = BUILT_PRODUCTS_DIR; };
		E799B80F19CCEF78C24D7839 /* Pods-RecycleAI_2.0-RecycleAI_2.0UITests.debug.xcconfig */ = {isa = PBXFileReference; includeInIndex = 1; lastKnownFileType = text.xcconfig; name = "Pods-RecycleAI_2.0-RecycleAI_2.0UITests.debug.xcconfig"; path = "Target Support Files/Pods-RecycleAI_2.0-RecycleAI_2.0UITests/Pods-RecycleAI_2.0-RecycleAI_2.0UITests.debug.xcconfig"; sourceTree = "<group>"; };
		ED9D24907214B6EF19ECEF54 /* Pods-RecycleAI_2.0.debug.xcconfig */ = {isa = PBXFileReference; includeInIndex = 1; lastKnownFileType = text.xcconfig; name = "Pods-RecycleAI_2.0.debug.xcconfig"; path = "Target Support Files/Pods-RecycleAI_2.0/Pods-RecycleAI_2.0.debug.xcconfig"; sourceTree = "<group>"; };
		EE8CB3497AF8E2A4C375CBF1 /* Pods_RecycleAI_2_0.framework */ = {isa = PBXFileReference; explicitFileType = wrapper.framework; includeInIndex = 0; path = Pods_RecycleAI_2_0.framework; sourceTree = BUILT_PRODUCTS_DIR; };
/* End PBXFileReference section */

/* Begin PBXFrameworksBuildPhase section */
		6ED55C1826327170007644E9 /* Frameworks */ = {
			isa = PBXFrameworksBuildPhase;
			buildActionMask = 2147483647;
			files = (
				6F4B14ED214BC466E1AE5048 /* Pods_RecycleAI_2_0.framework in Frameworks */,
			);
			runOnlyForDeploymentPostprocessing = 0;
		};
		6ED55C2926327172007644E9 /* Frameworks */ = {
			isa = PBXFrameworksBuildPhase;
			buildActionMask = 2147483647;
			files = (
				4B07B8D061C42B177AA55F4F /* Pods_RecycleAI_2_0Tests.framework in Frameworks */,
			);
			runOnlyForDeploymentPostprocessing = 0;
		};
		6ED55C3426327172007644E9 /* Frameworks */ = {
			isa = PBXFrameworksBuildPhase;
			buildActionMask = 2147483647;
			files = (
				D95A839B6F9B21B1253717A7 /* Pods_RecycleAI_2_0_RecycleAI_2_0UITests.framework in Frameworks */,
			);
			runOnlyForDeploymentPostprocessing = 0;
		};
/* End PBXFrameworksBuildPhase section */

/* Begin PBXGroup section */
		336985224BB9453FC4A30058 /* Pods */ = {
			isa = PBXGroup;
			children = (
				ED9D24907214B6EF19ECEF54 /* Pods-RecycleAI_2.0.debug.xcconfig */,
				C5F4A60D33EF39B457B9E24E /* Pods-RecycleAI_2.0.release.xcconfig */,
				E799B80F19CCEF78C24D7839 /* Pods-RecycleAI_2.0-RecycleAI_2.0UITests.debug.xcconfig */,
				7D35D2D70F50C1295BAC38BB /* Pods-RecycleAI_2.0-RecycleAI_2.0UITests.release.xcconfig */,
				292AD16095206CCE49814789 /* Pods-RecycleAI_2.0Tests.debug.xcconfig */,
				AF0B57C791833528F18C7545 /* Pods-RecycleAI_2.0Tests.release.xcconfig */,
			);
			path = Pods;
			sourceTree = "<group>";
		};
		433F099D9E185FC4FF283C0D /* Frameworks */ = {
			isa = PBXGroup;
			children = (
				EE8CB3497AF8E2A4C375CBF1 /* Pods_RecycleAI_2_0.framework */,
				D57740C3D7A19820E2329F7E /* Pods_RecycleAI_2_0_RecycleAI_2_0UITests.framework */,
				AAD765BFDD52D9AD7253679F /* Pods_RecycleAI_2_0Tests.framework */,
			);
			name = Frameworks;
			sourceTree = "<group>";
		};
		6ED55C1226327170007644E9 = {
			isa = PBXGroup;
			children = (
				6ED55C1D26327170007644E9 /* RecycleAI_2.0 */,
				6ED55C2F26327172007644E9 /* RecycleAI_2.0Tests */,
				6ED55C3A26327172007644E9 /* RecycleAI_2.0UITests */,
				6ED55C1C26327170007644E9 /* Products */,
				336985224BB9453FC4A30058 /* Pods */,
				433F099D9E185FC4FF283C0D /* Frameworks */,
			);
			sourceTree = "<group>";
		};
		6ED55C1C26327170007644E9 /* Products */ = {
			isa = PBXGroup;
			children = (
				6ED55C1B26327170007644E9 /* RecycleAI_2.0.app */,
				6ED55C2C26327172007644E9 /* RecycleAI_2.0Tests.xctest */,
				6ED55C3726327172007644E9 /* RecycleAI_2.0UITests.xctest */,
			);
			name = Products;
			sourceTree = "<group>";
		};
		6ED55C1D26327170007644E9 /* RecycleAI_2.0 */ = {
			isa = PBXGroup;
			children = (
				6ED55C1E26327170007644E9 /* RecycleAI_2_0App.swift */,
				6ED55C2026327170007644E9 /* ContentView.swift */,
				6ED55C2226327172007644E9 /* Assets.xcassets */,
				6ED55C4C26327210007644E9 /* ImagePicker.swift */,
				6ED55C2726327172007644E9 /* Info.plist */,
				6E4808ED2637EC83007795E7 /* ImageProcesser.swift */,
				6E916A3D2638FD0900F7DCAC /* MyObjectDetector3 1.mlmodel */,
				6E8B310C263B462E00178CCE /* cnn2.mlmodel */,
				6E916A542639004100F7DCAC /* CSV.swift */,
				6E0C663F26392076000A3F98 /* cnnHelper.swift */,
				6E8B3110263B466200178CCE /* Tips.tsv */,
				6E4808F22637F706007795E7 /* ImageProcessor2.swift */,
				6E4808E326368EDA007795E7 /* parseCSV.swift */,
				6E8B310E263B464100178CCE /* Recycle AI Recycling Codes - Sheet1.tsv */,
				6ED55C2426327172007644E9 /* Preview Content */,
			);
			path = RecycleAI_2.0;
			sourceTree = "<group>";
		};
		6ED55C2426327172007644E9 /* Preview Content */ = {
			isa = PBXGroup;
			children = (
				6ED55C2526327172007644E9 /* Preview Assets.xcassets */,
			);
			path = "Preview Content";
			sourceTree = "<group>";
		};
		6ED55C2F26327172007644E9 /* RecycleAI_2.0Tests */ = {
			isa = PBXGroup;
			children = (
				6ED55C3026327172007644E9 /* RecycleAI_2_0Tests.swift */,
				6ED55C3226327172007644E9 /* Info.plist */,
			);
			path = RecycleAI_2.0Tests;
			sourceTree = "<group>";
		};
		6ED55C3A26327172007644E9 /* RecycleAI_2.0UITests */ = {
			isa = PBXGroup;
			children = (
				6ED55C3B26327172007644E9 /* RecycleAI_2_0UITests.swift */,
				6ED55C3D26327172007644E9 /* Info.plist */,
			);
			path = RecycleAI_2.0UITests;
			sourceTree = "<group>";
		};
/* End PBXGroup section */

/* Begin PBXNativeTarget section */
		6ED55C1A26327170007644E9 /* RecycleAI_2.0 */ = {
			isa = PBXNativeTarget;
			buildConfigurationList = 6ED55C4026327172007644E9 /* Build configuration list for PBXNativeTarget "RecycleAI_2.0" */;
			buildPhases = (
				FFCD8A2E8CED3DFF482FE619 /* [CP] Check Pods Manifest.lock */,
				6ED55C1726327170007644E9 /* Sources */,
				6ED55C1826327170007644E9 /* Frameworks */,
				6ED55C1926327170007644E9 /* Resources */,
			);
			buildRules = (
			);
			dependencies = (
			);
			name = RecycleAI_2.0;
			productName = RecycleAI_2.0;
			productReference = 6ED55C1B26327170007644E9 /* RecycleAI_2.0.app */;
			productType = "com.apple.product-type.application";
		};
		6ED55C2B26327172007644E9 /* RecycleAI_2.0Tests */ = {
			isa = PBXNativeTarget;
			buildConfigurationList = 6ED55C4326327172007644E9 /* Build configuration list for PBXNativeTarget "RecycleAI_2.0Tests" */;
			buildPhases = (
				2C3EB7EAC9CBEFC8CCF3F64F /* [CP] Check Pods Manifest.lock */,
				6ED55C2826327172007644E9 /* Sources */,
				6ED55C2926327172007644E9 /* Frameworks */,
				6ED55C2A26327172007644E9 /* Resources */,
			);
			buildRules = (
			);
			dependencies = (
				6ED55C2E26327172007644E9 /* PBXTargetDependency */,
			);
			name = RecycleAI_2.0Tests;
			productName = RecycleAI_2.0Tests;
			productReference = 6ED55C2C26327172007644E9 /* RecycleAI_2.0Tests.xctest */;
			productType = "com.apple.product-type.bundle.unit-test";
		};
		6ED55C3626327172007644E9 /* RecycleAI_2.0UITests */ = {
			isa = PBXNativeTarget;
			buildConfigurationList = 6ED55C4626327172007644E9 /* Build configuration list for PBXNativeTarget "RecycleAI_2.0UITests" */;
			buildPhases = (
				E9F479589C18F33D7B58464A /* [CP] Check Pods Manifest.lock */,
				6ED55C3326327172007644E9 /* Sources */,
				6ED55C3426327172007644E9 /* Frameworks */,
				6ED55C3526327172007644E9 /* Resources */,
			);
			buildRules = (
			);
			dependencies = (
				6ED55C3926327172007644E9 /* PBXTargetDependency */,
			);
			name = RecycleAI_2.0UITests;
			productName = RecycleAI_2.0UITests;
			productReference = 6ED55C3726327172007644E9 /* RecycleAI_2.0UITests.xctest */;
			productType = "com.apple.product-type.bundle.ui-testing";
		};
/* End PBXNativeTarget section */

/* Begin PBXProject section */
		6ED55C1326327170007644E9 /* Project object */ = {
			isa = PBXProject;
			attributes = {
				LastSwiftUpdateCheck = 1240;
				LastUpgradeCheck = 1240;
				TargetAttributes = {
					6ED55C1A26327170007644E9 = {
						CreatedOnToolsVersion = 12.4;
					};
					6ED55C2B26327172007644E9 = {
						CreatedOnToolsVersion = 12.4;
						TestTargetID = 6ED55C1A26327170007644E9;
					};
					6ED55C3626327172007644E9 = {
						CreatedOnToolsVersion = 12.4;
						TestTargetID = 6ED55C1A26327170007644E9;
					};
				};
			};
			buildConfigurationList = 6ED55C1626327170007644E9 /* Build configuration list for PBXProject "RecycleAI_2.0" */;
			compatibilityVersion = "Xcode 9.3";
			developmentRegion = en;
			hasScannedForEncodings = 0;
			knownRegions = (
				en,
				Base,
			);
			mainGroup = 6ED55C1226327170007644E9;
			productRefGroup = 6ED55C1C26327170007644E9 /* Products */;
			projectDirPath = "";
			projectRoot = "";
			targets = (
				6ED55C1A26327170007644E9 /* RecycleAI_2.0 */,
				6ED55C2B26327172007644E9 /* RecycleAI_2.0Tests */,
				6ED55C3626327172007644E9 /* RecycleAI_2.0UITests */,
			);
		};
/* End PBXProject section */

/* Begin PBXResourcesBuildPhase section */
		6ED55C1926327170007644E9 /* Resources */ = {
			isa = PBXResourcesBuildPhase;
			buildActionMask = 2147483647;
			files = (
				6E8B310F263B464100178CCE /* Recycle AI Recycling Codes - Sheet1.tsv in Resources */,
				6ED55C2626327172007644E9 /* Preview Assets.xcassets in Resources */,
				6ED55C2326327172007644E9 /* Assets.xcassets in Resources */,
				6E8B3111263B466200178CCE /* Tips.tsv in Resources */,
			);
			runOnlyForDeploymentPostprocessing = 0;
		};
		6ED55C2A26327172007644E9 /* Resources */ = {
			isa = PBXResourcesBuildPhase;
			buildActionMask = 2147483647;
			files = (
			);
			runOnlyForDeploymentPostprocessing = 0;
		};
		6ED55C3526327172007644E9 /* Resources */ = {
			isa = PBXResourcesBuildPhase;
			buildActionMask = 2147483647;
			files = (
			);
			runOnlyForDeploymentPostprocessing = 0;
		};
/* End PBXResourcesBuildPhase section */

/* Begin PBXShellScriptBuildPhase section */
		2C3EB7EAC9CBEFC8CCF3F64F /* [CP] Check Pods Manifest.lock */ = {
			isa = PBXShellScriptBuildPhase;
			buildActionMask = 2147483647;
			files = (
			);
			inputFileListPaths = (
			);
			inputPaths = (
				"${PODS_PODFILE_DIR_PATH}/Podfile.lock",
				"${PODS_ROOT}/Manifest.lock",
			);
			name = "[CP] Check Pods Manifest.lock";
			outputFileListPaths = (
			);
			outputPaths = (
				"$(DERIVED_FILE_DIR)/Pods-RecycleAI_2.0Tests-checkManifestLockResult.txt",
			);
			runOnlyForDeploymentPostprocessing = 0;
			shellPath = /bin/sh;
			shellScript = "diff \"${PODS_PODFILE_DIR_PATH}/Podfile.lock\" \"${PODS_ROOT}/Manifest.lock\" > /dev/null\nif [ $? != 0 ] ; then\n    # print error to STDERR\n    echo \"error: The sandbox is not in sync with the Podfile.lock. Run 'pod install' or update your CocoaPods installation.\" >&2\n    exit 1\nfi\n# This output is used by Xcode 'outputs' to avoid re-running this script phase.\necho \"SUCCESS\" > \"${SCRIPT_OUTPUT_FILE_0}\"\n";
			showEnvVarsInLog = 0;
		};
		E9F479589C18F33D7B58464A /* [CP] Check Pods Manifest.lock */ = {
			isa = PBXShellScriptBuildPhase;
			buildActionMask = 2147483647;
			files = (
			);
			inputFileListPaths = (
			);
			inputPaths = (
				"${PODS_PODFILE_DIR_PATH}/Podfile.lock",
				"${PODS_ROOT}/Manifest.lock",
			);
			name = "[CP] Check Pods Manifest.lock";
			outputFileListPaths = (
			);
			outputPaths = (
				"$(DERIVED_FILE_DIR)/Pods-RecycleAI_2.0-RecycleAI_2.0UITests-checkManifestLockResult.txt",
			);
			runOnlyForDeploymentPostprocessing = 0;
			shellPath = /bin/sh;
			shellScript = "diff \"${PODS_PODFILE_DIR_PATH}/Podfile.lock\" \"${PODS_ROOT}/Manifest.lock\" > /dev/null\nif [ $? != 0 ] ; then\n    # print error to STDERR\n    echo \"error: The sandbox is not in sync with the Podfile.lock. Run 'pod install' or update your CocoaPods installation.\" >&2\n    exit 1\nfi\n# This output is used by Xcode 'outputs' to avoid re-running this script phase.\necho \"SUCCESS\" > \"${SCRIPT_OUTPUT_FILE_0}\"\n";
			showEnvVarsInLog = 0;
		};
		FFCD8A2E8CED3DFF482FE619 /* [CP] Check Pods Manifest.lock */ = {
			isa = PBXShellScriptBuildPhase;
			buildActionMask = 2147483647;
			files = (
			);
			inputFileListPaths = (
			);
			inputPaths = (
				"${PODS_PODFILE_DIR_PATH}/Podfile.lock",
				"${PODS_ROOT}/Manifest.lock",
			);
			name = "[CP] Check Pods Manifest.lock";
			outputFileListPaths = (
			);
			outputPaths = (
				"$(DERIVED_FILE_DIR)/Pods-RecycleAI_2.0-checkManifestLockResult.txt",
			);
			runOnlyForDeploymentPostprocessing = 0;
			shellPath = /bin/sh;
			shellScript = "diff \"${PODS_PODFILE_DIR_PATH}/Podfile.lock\" \"${PODS_ROOT}/Manifest.lock\" > /dev/null\nif [ $? != 0 ] ; then\n    # print error to STDERR\n    echo \"error: The sandbox is not in sync with the Podfile.lock. Run 'pod install' or update your CocoaPods installation.\" >&2\n    exit 1\nfi\n# This output is used by Xcode 'outputs' to avoid re-running this script phase.\necho \"SUCCESS\" > \"${SCRIPT_OUTPUT_FILE_0}\"\n";
			showEnvVarsInLog = 0;
		};
/* End PBXShellScriptBuildPhase section */

/* Begin PBXSourcesBuildPhase section */
		6ED55C1726327170007644E9 /* Sources */ = {
			isa = PBXSourcesBuildPhase;
			buildActionMask = 2147483647;
			files = (
				6E916A552639004100F7DCAC /* CSV.swift in Sources */,
				6E4808E426368EDA007795E7 /* parseCSV.swift in Sources */,
				6ED55C2126327170007644E9 /* ContentView.swift in Sources */,
				6ED55C4D26327210007644E9 /* ImagePicker.swift in Sources */,
				6E0C664026392076000A3F98 /* cnnHelper.swift in Sources */,
				6ED55C1F26327170007644E9 /* RecycleAI_2_0App.swift in Sources */,
				6E4808EE2637EC83007795E7 /* ImageProcesser.swift in Sources */,
				6E8B310D263B462E00178CCE /* cnn2.mlmodel in Sources */,
				6E4808F32637F706007795E7 /* ImageProcessor2.swift in Sources */,
				6E916A3E2638FD0900F7DCAC /* MyObjectDetector3 1.mlmodel in Sources */,
			);
			runOnlyForDeploymentPostprocessing = 0;
		};
		6ED55C2826327172007644E9 /* Sources */ = {
			isa = PBXSourcesBuildPhase;
			buildActionMask = 2147483647;
			files = (
				6ED55C3126327172007644E9 /* RecycleAI_2_0Tests.swift in Sources */,
			);
			runOnlyForDeploymentPostprocessing = 0;
		};
		6ED55C3326327172007644E9 /* Sources */ = {
			isa = PBXSourcesBuildPhase;
			buildActionMask = 2147483647;
			files = (
				6ED55C3C26327172007644E9 /* RecycleAI_2_0UITests.swift in Sources */,
			);
			runOnlyForDeploymentPostprocessing = 0;
		};
/* End PBXSourcesBuildPhase section */

/* Begin PBXTargetDependency section */
		6ED55C2E26327172007644E9 /* PBXTargetDependency */ = {
			isa = PBXTargetDependency;
			target = 6ED55C1A26327170007644E9 /* RecycleAI_2.0 */;
			targetProxy = 6ED55C2D26327172007644E9 /* PBXContainerItemProxy */;
		};
		6ED55C3926327172007644E9 /* PBXTargetDependency */ = {
			isa = PBXTargetDependency;
			target = 6ED55C1A26327170007644E9 /* RecycleAI_2.0 */;
			targetProxy = 6ED55C3826327172007644E9 /* PBXContainerItemProxy */;
		};
/* End PBXTargetDependency section */

/* Begin XCBuildConfiguration section */
		6ED55C3E26327172007644E9 /* Debug */ = {
			isa = XCBuildConfiguration;
			buildSettings = {
				ALWAYS_SEARCH_USER_PATHS = NO;
				CLANG_ANALYZER_NONNULL = YES;
				CLANG_ANALYZER_NUMBER_OBJECT_CONVERSION = YES_AGGRESSIVE;
				CLANG_CXX_LANGUAGE_STANDARD = "gnu++14";
				CLANG_CXX_LIBRARY = "libc++";
				CLANG_ENABLE_MODULES = YES;
				CLANG_ENABLE_OBJC_ARC = YES;
				CLANG_ENABLE_OBJC_WEAK = YES;
				CLANG_WARN_BLOCK_CAPTURE_AUTORELEASING = YES;
				CLANG_WARN_BOOL_CONVERSION = YES;
				CLANG_WARN_COMMA = YES;
				CLANG_WARN_CONSTANT_CONVERSION = YES;
				CLANG_WARN_DEPRECATED_OBJC_IMPLEMENTATIONS = YES;
				CLANG_WARN_DIRECT_OBJC_ISA_USAGE = YES_ERROR;
				CLANG_WARN_DOCUMENTATION_COMMENTS = YES;
				CLANG_WARN_EMPTY_BODY = YES;
				CLANG_WARN_ENUM_CONVERSION = YES;
				CLANG_WARN_INFINITE_RECURSION = YES;
				CLANG_WARN_INT_CONVERSION = YES;
				CLANG_WARN_NON_LITERAL_NULL_CONVERSION = YES;
				CLANG_WARN_OBJC_IMPLICIT_RETAIN_SELF = YES;
				CLANG_WARN_OBJC_LITERAL_CONVERSION = YES;
				CLANG_WARN_OBJC_ROOT_CLASS = YES_ERROR;
				CLANG_WARN_QUOTED_INCLUDE_IN_FRAMEWORK_HEADER = YES;
				CLANG_WARN_RANGE_LOOP_ANALYSIS = YES;
				CLANG_WARN_STRICT_PROTOTYPES = YES;
				CLANG_WARN_SUSPICIOUS_MOVE = YES;
				CLANG_WARN_UNGUARDED_AVAILABILITY = YES_AGGRESSIVE;
				CLANG_WARN_UNREACHABLE_CODE = YES;
				CLANG_WARN__DUPLICATE_METHOD_MATCH = YES;
				COPY_PHASE_STRIP = NO;
				DEBUG_INFORMATION_FORMAT = dwarf;
				ENABLE_STRICT_OBJC_MSGSEND = YES;
				ENABLE_TESTABILITY = YES;
				GCC_C_LANGUAGE_STANDARD = gnu11;
				GCC_DYNAMIC_NO_PIC = NO;
				GCC_NO_COMMON_BLOCKS = YES;
				GCC_OPTIMIZATION_LEVEL = 0;
				GCC_PREPROCESSOR_DEFINITIONS = (
					"DEBUG=1",
					"$(inherited)",
				);
				GCC_WARN_64_TO_32_BIT_CONVERSION = YES;
				GCC_WARN_ABOUT_RETURN_TYPE = YES_ERROR;
				GCC_WARN_UNDECLARED_SELECTOR = YES;
				GCC_WARN_UNINITIALIZED_AUTOS = YES_AGGRESSIVE;
				GCC_WARN_UNUSED_FUNCTION = YES;
				GCC_WARN_UNUSED_VARIABLE = YES;
				IPHONEOS_DEPLOYMENT_TARGET = 14.4;
				MTL_ENABLE_DEBUG_INFO = INCLUDE_SOURCE;
				MTL_FAST_MATH = YES;
				ONLY_ACTIVE_ARCH = YES;
				SDKROOT = iphoneos;
				SWIFT_ACTIVE_COMPILATION_CONDITIONS = DEBUG;
				SWIFT_OPTIMIZATION_LEVEL = "-Onone";
			};
			name = Debug;
		};
		6ED55C3F26327172007644E9 /* Release */ = {
			isa = XCBuildConfiguration;
			buildSettings = {
				ALWAYS_SEARCH_USER_PATHS = NO;
				CLANG_ANALYZER_NONNULL = YES;
				CLANG_ANALYZER_NUMBER_OBJECT_CONVERSION = YES_AGGRESSIVE;
				CLANG_CXX_LANGUAGE_STANDARD = "gnu++14";
				CLANG_CXX_LIBRARY = "libc++";
				CLANG_ENABLE_MODULES = YES;
				CLANG_ENABLE_OBJC_ARC = YES;
				CLANG_ENABLE_OBJC_WEAK = YES;
				CLANG_WARN_BLOCK_CAPTURE_AUTORELEASING = YES;
				CLANG_WARN_BOOL_CONVERSION = YES;
				CLANG_WARN_COMMA = YES;
				CLANG_WARN_CONSTANT_CONVERSION = YES;
				CLANG_WARN_DEPRECATED_OBJC_IMPLEMENTATIONS = YES;
				CLANG_WARN_DIRECT_OBJC_ISA_USAGE = YES_ERROR;
				CLANG_WARN_DOCUMENTATION_COMMENTS = YES;
				CLANG_WARN_EMPTY_BODY = YES;
				CLANG_WARN_ENUM_CONVERSION = YES;
				CLANG_WARN_INFINITE_RECURSION = YES;
				CLANG_WARN_INT_CONVERSION = YES;
				CLANG_WARN_NON_LITERAL_NULL_CONVERSION = YES;
				CLANG_WARN_OBJC_IMPLICIT_RETAIN_SELF = YES;
				CLANG_WARN_OBJC_LITERAL_CONVERSION = YES;
				CLANG_WARN_OBJC_ROOT_CLASS = YES_ERROR;
				CLANG_WARN_QUOTED_INCLUDE_IN_FRAMEWORK_HEADER = YES;
				CLANG_WARN_RANGE_LOOP_ANALYSIS = YES;
				CLANG_WARN_STRICT_PROTOTYPES = YES;
				CLANG_WARN_SUSPICIOUS_MOVE = YES;
				CLANG_WARN_UNGUARDED_AVAILABILITY = YES_AGGRESSIVE;
				CLANG_WARN_UNREACHABLE_CODE = YES;
				CLANG_WARN__DUPLICATE_METHOD_MATCH = YES;
				COPY_PHASE_STRIP = NO;
				DEBUG_INFORMATION_FORMAT = "dwarf-with-dsym";
				ENABLE_NS_ASSERTIONS = NO;
				ENABLE_STRICT_OBJC_MSGSEND = YES;
				GCC_C_LANGUAGE_STANDARD = gnu11;
				GCC_NO_COMMON_BLOCKS = YES;
				GCC_WARN_64_TO_32_BIT_CONVERSION = YES;
				GCC_WARN_ABOUT_RETURN_TYPE = YES_ERROR;
				GCC_WARN_UNDECLARED_SELECTOR = YES;
				GCC_WARN_UNINITIALIZED_AUTOS = YES_AGGRESSIVE;
				GCC_WARN_UNUSED_FUNCTION = YES;
				GCC_WARN_UNUSED_VARIABLE = YES;
				IPHONEOS_DEPLOYMENT_TARGET = 14.4;
				MTL_ENABLE_DEBUG_INFO = NO;
				MTL_FAST_MATH = YES;
				SDKROOT = iphoneos;
				SWIFT_COMPILATION_MODE = wholemodule;
				SWIFT_OPTIMIZATION_LEVEL = "-O";
				VALIDATE_PRODUCT = YES;
			};
			name = Release;
		};
		6ED55C4126327172007644E9 /* Debug */ = {
			isa = XCBuildConfiguration;
			baseConfigurationReference = ED9D24907214B6EF19ECEF54 /* Pods-RecycleAI_2.0.debug.xcconfig */;
			buildSettings = {
				ASSETCATALOG_COMPILER_APPICON_NAME = AppIcon;
				ASSETCATALOG_COMPILER_GLOBAL_ACCENT_COLOR_NAME = AccentColor;
				CODE_SIGN_IDENTITY = "Apple Development";
				CODE_SIGN_STYLE = Automatic;
				DEVELOPMENT_ASSET_PATHS = "\"RecycleAI_2.0/Preview Content\"";
				DEVELOPMENT_TEAM = BZ9S5XJN2B;
				ENABLE_PREVIEWS = YES;
				INFOPLIST_FILE = RecycleAI_2.0/Info.plist;
				IPHONEOS_DEPLOYMENT_TARGET = 14.0;
				LD_RUNPATH_SEARCH_PATHS = (
					"$(inherited)",
					"@executable_path/Frameworks",
				);
				PRODUCT_BUNDLE_IDENTIFIER = "com.mclafferty.RecycleAI-2-0";
				PRODUCT_NAME = "$(TARGET_NAME)";
				PROVISIONING_PROFILE_SPECIFIER = "";
				SWIFT_VERSION = 5.0;
				TARGETED_DEVICE_FAMILY = "1,2";
			};
			name = Debug;
		};
		6ED55C4226327172007644E9 /* Release */ = {
			isa = XCBuildConfiguration;
			baseConfigurationReference = C5F4A60D33EF39B457B9E24E /* Pods-RecycleAI_2.0.release.xcconfig */;
			buildSettings = {
				ASSETCATALOG_COMPILER_APPICON_NAME = AppIcon;
				ASSETCATALOG_COMPILER_GLOBAL_ACCENT_COLOR_NAME = AccentColor;
				CODE_SIGN_IDENTITY = "Apple Development";
				CODE_SIGN_STYLE = Automatic;
				DEVELOPMENT_ASSET_PATHS = "\"RecycleAI_2.0/Preview Content\"";
				DEVELOPMENT_TEAM = BZ9S5XJN2B;
				ENABLE_PREVIEWS = YES;
				INFOPLIST_FILE = RecycleAI_2.0/Info.plist;
				IPHONEOS_DEPLOYMENT_TARGET = 14.0;
				LD_RUNPATH_SEARCH_PATHS = (
					"$(inherited)",
					"@executable_path/Frameworks",
				);
				PRODUCT_BUNDLE_IDENTIFIER = "com.mclafferty.RecycleAI-2-0";
				PRODUCT_NAME = "$(TARGET_NAME)";
				PROVISIONING_PROFILE_SPECIFIER = "";
				SWIFT_VERSION = 5.0;
				TARGETED_DEVICE_FAMILY = "1,2";
			};
			name = Release;
		};
		6ED55C4426327172007644E9 /* Debug */ = {
			isa = XCBuildConfiguration;
			baseConfigurationReference = 292AD16095206CCE49814789 /* Pods-RecycleAI_2.0Tests.debug.xcconfig */;
			buildSettings = {
				ALWAYS_EMBED_SWIFT_STANDARD_LIBRARIES = YES;
				BUNDLE_LOADER = "$(TEST_HOST)";
				CODE_SIGN_STYLE = Automatic;
				INFOPLIST_FILE = RecycleAI_2.0Tests/Info.plist;
				IPHONEOS_DEPLOYMENT_TARGET = 14.0;
				LD_RUNPATH_SEARCH_PATHS = (
					"$(inherited)",
					"@executable_path/Frameworks",
					"@loader_path/Frameworks",
				);
				PRODUCT_BUNDLE_IDENTIFIER = "com.mclafferty.RecycleAI-2-0Tests";
				PRODUCT_NAME = "$(TARGET_NAME)";
				SWIFT_VERSION = 5.0;
				TARGETED_DEVICE_FAMILY = "1,2";
				TEST_HOST = "$(BUILT_PRODUCTS_DIR)/RecycleAI_2.0.app/RecycleAI_2.0";
			};
			name = Debug;
		};
		6ED55C4526327172007644E9 /* Release */ = {
			isa = XCBuildConfiguration;
			baseConfigurationReference = AF0B57C791833528F18C7545 /* Pods-RecycleAI_2.0Tests.release.xcconfig */;
			buildSettings = {
				ALWAYS_EMBED_SWIFT_STANDARD_LIBRARIES = YES;
				BUNDLE_LOADER = "$(TEST_HOST)";
				CODE_SIGN_STYLE = Automatic;
				INFOPLIST_FILE = RecycleAI_2.0Tests/Info.plist;
				IPHONEOS_DEPLOYMENT_TARGET = 14.0;
				LD_RUNPATH_SEARCH_PATHS = (
					"$(inherited)",
					"@executable_path/Frameworks",
					"@loader_path/Frameworks",
				);
				PRODUCT_BUNDLE_IDENTIFIER = "com.mclafferty.RecycleAI-2-0Tests";
				PRODUCT_NAME = "$(TARGET_NAME)";
				SWIFT_VERSION = 5.0;
				TARGETED_DEVICE_FAMILY = "1,2";
				TEST_HOST = "$(BUILT_PRODUCTS_DIR)/RecycleAI_2.0.app/RecycleAI_2.0";
			};
			name = Release;
		};
		6ED55C4726327172007644E9 /* Debug */ = {
			isa = XCBuildConfiguration;
			baseConfigurationReference = E799B80F19CCEF78C24D7839 /* Pods-RecycleAI_2.0-RecycleAI_2.0UITests.debug.xcconfig */;
			buildSettings = {
				ALWAYS_EMBED_SWIFT_STANDARD_LIBRARIES = YES;
				CODE_SIGN_STYLE = Automatic;
				INFOPLIST_FILE = RecycleAI_2.0UITests/Info.plist;
				LD_RUNPATH_SEARCH_PATHS = (
					"$(inherited)",
					"@executable_path/Frameworks",
					"@loader_path/Frameworks",
				);
				PRODUCT_BUNDLE_IDENTIFIER = "com.mclafferty.RecycleAI-2-0UITests";
				PRODUCT_NAME = "$(TARGET_NAME)";
				SWIFT_VERSION = 5.0;
				TARGETED_DEVICE_FAMILY = "1,2";
				TEST_TARGET_NAME = RecycleAI_2.0;
			};
			name = Debug;
		};
		6ED55C4826327172007644E9 /* Release */ = {
			isa = XCBuildConfiguration;
			baseConfigurationReference = 7D35D2D70F50C1295BAC38BB /* Pods-RecycleAI_2.0-RecycleAI_2.0UITests.release.xcconfig */;
			buildSettings = {
				ALWAYS_EMBED_SWIFT_STANDARD_LIBRARIES = YES;
				CODE_SIGN_STYLE = Automatic;
				INFOPLIST_FILE = RecycleAI_2.0UITests/Info.plist;
				LD_RUNPATH_SEARCH_PATHS = (
					"$(inherited)",
					"@executable_path/Frameworks",
					"@loader_path/Frameworks",
				);
				PRODUCT_BUNDLE_IDENTIFIER = "com.mclafferty.RecycleAI-2-0UITests";
				PRODUCT_NAME = "$(TARGET_NAME)";
				SWIFT_VERSION = 5.0;
				TARGETED_DEVICE_FAMILY = "1,2";
				TEST_TARGET_NAME = RecycleAI_2.0;
			};
			name = Release;
		};
/* End XCBuildConfiguration section */

/* Begin XCConfigurationList section */
		6ED55C1626327170007644E9 /* Build configuration list for PBXProject "RecycleAI_2.0" */ = {
			isa = XCConfigurationList;
			buildConfigurations = (
				6ED55C3E26327172007644E9 /* Debug */,
				6ED55C3F26327172007644E9 /* Release */,
			);
			defaultConfigurationIsVisible = 0;
			defaultConfigurationName = Release;
		};
		6ED55C4026327172007644E9 /* Build configuration list for PBXNativeTarget "RecycleAI_2.0" */ = {
			isa = XCConfigurationList;
			buildConfigurations = (
				6ED55C4126327172007644E9 /* Debug */,
				6ED55C4226327172007644E9 /* Release */,
			);
			defaultConfigurationIsVisible = 0;
			defaultConfigurationName = Release;
		};
		6ED55C4326327172007644E9 /* Build configuration list for PBXNativeTarget "RecycleAI_2.0Tests" */ = {
			isa = XCConfigurationList;
			buildConfigurations = (
				6ED55C4426327172007644E9 /* Debug */,
				6ED55C4526327172007644E9 /* Release */,
			);
			defaultConfigurationIsVisible = 0;
			defaultConfigurationName = Release;
		};
		6ED55C4626327172007644E9 /* Build configuration list for PBXNativeTarget "RecycleAI_2.0UITests" */ = {
			isa = XCConfigurationList;
			buildConfigurations = (
				6ED55C4726327172007644E9 /* Debug */,
				6ED55C4826327172007644E9 /* Release */,
			);
			defaultConfigurationIsVisible = 0;
			defaultConfigurationName = Release;
		};
/* End XCConfigurationList section */
	};
	rootObject = 6ED55C1326327170007644E9 /* Project object */;
}
